<?xml version="1.0" encoding="utf-8"?>
<Project ToolsVersion="4.0" xmlns="http://schemas.microsoft.com/developer/msbuild/2003">
  <ItemGroup>
    <ClCompile Include="shader.cpp">
      <Filter>C++ Files</Filter>
    </ClCompile>
    <ClCompile Include="Sphere.cpp">
      <Filter>C++ Files</Filter>
    </ClCompile>
    <ClCompile Include="GameObject.cpp">
      <Filter>C++ Files</Filter>
    </ClCompile>
    <ClCompile Include="Main.cpp">
      <Filter>C++ Files</Filter>
    </ClCompile>
    <ClCompile Include="Model.cpp">
      <Filter>C++ Files</Filter>
    </ClCompile>
    <ClCompile Include="Camera.cpp">
      <Filter>C++ Files</Filter>
    </ClCompile>
    <ClCompile Include="SkyBox.cpp">
      <Filter>C++ Files</Filter>
    </ClCompile>
    <ClCompile Include="Player.cpp">
      <Filter>C++ Files</Filter>
    </ClCompile>
    <ClCompile Include="Particle.cpp">
      <Filter>C++ Files</Filter>
    </ClCompile>
    <ClCompile Include="ForceGenerator.cpp">
      <Filter>C++ Files</Filter>
    </ClCompile>
    <ClCompile Include="PoolTable.cpp">
      <Filter>C++ Files</Filter>
    </ClCompile>
    <ClCompile Include="shit.cpp">
      <Filter>C++ Files</Filter>
    </ClCompile>
    <ClCompile Include="StartScreen.cpp">
      <Filter>C++ Files</Filter>
    </ClCompile>
    <ClCompile Include="Field.cpp">
      <Filter>C++ Files</Filter>
    </ClCompile>
    <ClCompile Include="GameEngine.cpp">
      <Filter>C++ Files</Filter>
    </ClCompile>
    <ClCompile Include="Cue.cpp">
      <Filter>C++ Files</Filter>
    </ClCompile>
    <ClCompile Include="YellowBall.cpp">
      <Filter>C++ Files</Filter>
    </ClCompile>
    <ClCompile Include="WhiteCueBall.cpp">
      <Filter>C++ Files</Filter>
    </ClCompile>
    <ClCompile Include="RedBall.cpp">
      <Filter>C++ Files</Filter>
    </ClCompile>
    <ClCompile Include="BlackBall.cpp">
      <Filter>C++ Files</Filter>
    </ClCompile>
    <ClCompile Include="BillBoards.cpp">
      <Filter>C++ Files</Filter>
    </ClCompile>
    <ClCompile Include="CollisionData.cpp">
      <Filter>C++ Files</Filter>
    </ClCompile>
    <ClCompile Include="RigidBody2D.cpp">
      <Filter>C++ Files</Filter>
    </ClCompile>
    <ClCompile Include="RigidBody3D.cpp">
      <Filter>C++ Files</Filter>
    </ClCompile>
    <ClCompile Include="SphereCollider.cpp">
      <Filter>C++ Files</Filter>
    </ClCompile>
    <ClCompile Include="AABBCollider.cpp">
      <Filter>C++ Files</Filter>
    </ClCompile>
    <ClCompile Include="PlaneCollider.cpp">
      <Filter>C++ Files</Filter>
    </ClCompile>
    <ClCompile Include="Colliders.cpp">
      <Filter>C++ Files</Filter>
    </ClCompile>
    <ClCompile Include="BroadPhaseGrid.cpp">
      <Filter>C++ Files</Filter>
    </ClCompile>
  </ItemGroup>
  <ItemGroup>
    <ClInclude Include="shader.h">
      <Filter>Header Files</Filter>
    </ClInclude>
    <ClInclude Include="vertex.h">
      <Filter>Header Files</Filter>
    </ClInclude>
    <ClInclude Include="Sphere.h">
      <Filter>Header Files</Filter>
    </ClInclude>
    <ClInclude Include="GameObject.h">
      <Filter>Header Files</Filter>
    </ClInclude>
    <ClInclude Include="Model.h">
      <Filter>Header Files</Filter>
    </ClInclude>
    <ClInclude Include="OBJloader.h">
      <Filter>Header Files</Filter>
    </ClInclude>
    <ClInclude Include="camera.h">
      <Filter>Header Files</Filter>
    </ClInclude>
    <ClInclude Include="SkyBox.h">
      <Filter>Header Files</Filter>
    </ClInclude>
    <ClInclude Include="Player.h">
      <Filter>Header Files</Filter>
    </ClInclude>
    <ClInclude Include="Particle.h">
      <Filter>Header Files</Filter>
    </ClInclude>
    <ClInclude Include="ForceGenerator.h">
      <Filter>Header Files</Filter>
    </ClInclude>
    <ClInclude Include="PoolTable.h">
      <Filter>Header Files</Filter>
    </ClInclude>
    <ClInclude Include="shit.h">
      <Filter>Header Files</Filter>
    </ClInclude>
    <ClInclude Include="StartScreen.h">
      <Filter>Header Files</Filter>
    </ClInclude>
    <ClInclude Include="GameEngine.h">
      <Filter>Header Files</Filter>
    </ClInclude>
    <ClInclude Include="Field.h">
      <Filter>Header Files</Filter>
    </ClInclude>
    <ClInclude Include="Cue.h">
      <Filter>Header Files</Filter>
    </ClInclude>
    <ClInclude Include="WhiteCueBall.h">
      <Filter>Header Files</Filter>
    </ClInclude>
    <ClInclude Include="YellowBall.h">
      <Filter>Header Files</Filter>
    </ClInclude>
    <ClInclude Include="BlackBall.h">
      <Filter>Header Files</Filter>
    </ClInclude>
    <ClInclude Include="RedBall.h">
      <Filter>Header Files</Filter>
    </ClInclude>
    <ClInclude Include="BillBoards.h">
      <Filter>Header Files</Filter>
    </ClInclude>
    <ClInclude Include="CollisionData.h">
      <Filter>Header Files</Filter>
    </ClInclude>
    <ClInclude Include="RigidBody2D.h">
      <Filter>Header Files</Filter>
    </ClInclude>
    <ClInclude Include="RigidBody3D.h">
      <Filter>Header Files</Filter>
    </ClInclude>
    <ClInclude Include="SphereCollider.h">
      <Filter>Header Files</Filter>
    </ClInclude>
    <ClInclude Include="PlaneCollider.h">
      <Filter>Header Files</Filter>
    </ClInclude>
    <ClInclude Include="Colliders.h">
      <Filter>Header Files</Filter>
    </ClInclude>
    <ClInclude Include="AABBCollider.h">
      <Filter>Header Files</Filter>
    </ClInclude>
    <ClInclude Include="BroadPhaseGrid.h">
      <Filter>C++ Files</Filter>
    </ClInclude>
  </ItemGroup>
  <ItemGroup>
    <Filter Include="C++ Files">
      <UniqueIdentifier>{1d1bf2fd-f2e0-4efb-8752-7c597d2be623}</UniqueIdentifier>
    </Filter>
    <Filter Include="Header Files">
      <UniqueIdentifier>{9fa54158-2ee8-4a3e-a2e7-e5719b7e80bf}</UniqueIdentifier>
    </Filter>
  </ItemGroup>
  <ItemGroup>
    <None Include="vertexShader.glsl" />
    <None Include="fragmentShader.glsl" />
  </ItemGroup>
</Project>